// !$*UTF8*$!
{
	archiveVersion = 1;
	classes = {
	};
	objectVersion = 50;
	objects = {

/* Begin PBXBuildFile section */
		3616ADAB210B8DC40031DF02 /* StartViewController.swift in Sources */ = {isa = PBXBuildFile; fileRef = 3616ADAA210B8DC40031DF02 /* StartViewController.swift */; };
		3616ADAD210BA87B0031DF02 /* TabBarViewController.swift in Sources */ = {isa = PBXBuildFile; fileRef = 3616ADAC210BA87B0031DF02 /* TabBarViewController.swift */; };
		366D53DD210845A0002A9055 /* AppDelegate.swift in Sources */ = {isa = PBXBuildFile; fileRef = 366D53DC210845A0002A9055 /* AppDelegate.swift */; };
		366D53DF210845A0002A9055 /* LoginViewController.swift in Sources */ = {isa = PBXBuildFile; fileRef = 366D53DE210845A0002A9055 /* LoginViewController.swift */; };
		366D53E2210845A0002A9055 /* Main.storyboard in Resources */ = {isa = PBXBuildFile; fileRef = 366D53E0210845A0002A9055 /* Main.storyboard */; };
		366D53E4210845A1002A9055 /* Assets.xcassets in Resources */ = {isa = PBXBuildFile; fileRef = 366D53E3210845A1002A9055 /* Assets.xcassets */; };
		366D53E7210845A1002A9055 /* LaunchScreen.storyboard in Resources */ = {isa = PBXBuildFile; fileRef = 366D53E5210845A1002A9055 /* LaunchScreen.storyboard */; };
		366D53F82108A19C002A9055 /* appforgithub.2018-07-25.private-key.pem in Resources */ = {isa = PBXBuildFile; fileRef = 366D53F72108A19C002A9055 /* appforgithub.2018-07-25.private-key.pem */; };
		366D53FB2108A217002A9055 /* GitHubConnectionManager.swift in Sources */ = {isa = PBXBuildFile; fileRef = 366D53FA2108A217002A9055 /* GitHubConnectionManager.swift */; };
		36D7DA8D21099A8600BFD518 /* ProfileTableViewController.swift in Sources */ = {isa = PBXBuildFile; fileRef = 36D7DA8C21099A8600BFD518 /* ProfileTableViewController.swift */; };
		36D7DA8F2109A81300BFD518 /* UIViewControllerExtension.swift in Sources */ = {isa = PBXBuildFile; fileRef = 36D7DA8E2109A81300BFD518 /* UIViewControllerExtension.swift */; };
		36D7DA952109B4E600BFD518 /* GitHubApp.xcdatamodeld in Sources */ = {isa = PBXBuildFile; fileRef = 36D7DA932109B4E600BFD518 /* GitHubApp.xcdatamodeld */; };
		36D7DA972109C22F00BFD518 /* CoreDataModel.swift in Sources */ = {isa = PBXBuildFile; fileRef = 36D7DA962109C22F00BFD518 /* CoreDataModel.swift */; };
		36D7DA9A2109DEB300BFD518 /* UserInfo.swift in Sources */ = {isa = PBXBuildFile; fileRef = 36D7DA992109DEB300BFD518 /* UserInfo.swift */; };
		36D7DA9C2109DED500BFD518 /* OAuth2Token.swift in Sources */ = {isa = PBXBuildFile; fileRef = 36D7DA9B2109DED500BFD518 /* OAuth2Token.swift */; };
		36D7DAA32109FB0E00BFD518 /* ProfileTableViewCell.swift in Sources */ = {isa = PBXBuildFile; fileRef = 36D7DAA22109FB0E00BFD518 /* ProfileTableViewCell.swift */; };
		36D7DAA62109FD0D00BFD518 /* ProfileSectionType.swift in Sources */ = {isa = PBXBuildFile; fileRef = 36D7DAA52109FD0D00BFD518 /* ProfileSectionType.swift */; };
		36D7DAA8210A026700BFD518 /* UIImageViewExtension.swift in Sources */ = {isa = PBXBuildFile; fileRef = 36D7DAA7210A026700BFD518 /* UIImageViewExtension.swift */; };
		36E4A8D3210DD55B000B3088 /* EditProfileSectionType.swift in Sources */ = {isa = PBXBuildFile; fileRef = 36E4A8D2210DD55B000B3088 /* EditProfileSectionType.swift */; };
		36E4A8D5210DD752000B3088 /* EditProfileTableViewController.swift in Sources */ = {isa = PBXBuildFile; fileRef = 36E4A8D4210DD752000B3088 /* EditProfileTableViewController.swift */; };
		36E4A8D9210DDBDF000B3088 /* AvatarTableViewCell.swift in Sources */ = {isa = PBXBuildFile; fileRef = 36E4A8D8210DDBDF000B3088 /* AvatarTableViewCell.swift */; };
		36E4A8DB210DDBEC000B3088 /* EditCredentialTableViewCell.swift in Sources */ = {isa = PBXBuildFile; fileRef = 36E4A8DA210DDBEC000B3088 /* EditCredentialTableViewCell.swift */; };
		36E4A8DD210DDBF7000B3088 /* BioTableViewCell.swift in Sources */ = {isa = PBXBuildFile; fileRef = 36E4A8DC210DDBF7000B3088 /* BioTableViewCell.swift */; };
		36E4A8DF210DDEFD000B3088 /* UITableViewCellExtension.swift in Sources */ = {isa = PBXBuildFile; fileRef = 36E4A8DE210DDEFD000B3088 /* UITableViewCellExtension.swift */; };
		36E4A8E1210DE812000B3088 /* ArrayExtension.swift in Sources */ = {isa = PBXBuildFile; fileRef = 36E4A8E0210DE812000B3088 /* ArrayExtension.swift */; };
		36E4A8E3210DEAE2000B3088 /* ProfileTextFieldsPlaysholders.swift in Sources */ = {isa = PBXBuildFile; fileRef = 36E4A8E2210DEAE2000B3088 /* ProfileTextFieldsPlaysholders.swift */; };
		36E4A8E7210EFBB2000B3088 /* TypeError.swift in Sources */ = {isa = PBXBuildFile; fileRef = 36E4A8E6210EFBB2000B3088 /* TypeError.swift */; };
		36E4A8E9210F3B0D000B3088 /* ProfileCredentialTableViewCell.swift in Sources */ = {isa = PBXBuildFile; fileRef = 36E4A8E8210F3B0D000B3088 /* ProfileCredentialTableViewCell.swift */; };
		36E4A8F021103A61000B3088 /* Protocols.swift in Sources */ = {isa = PBXBuildFile; fileRef = 36E4A8EF21103A61000B3088 /* Protocols.swift */; };
		36E4A8F221103ABC000B3088 /* RefreshExtension.swift in Sources */ = {isa = PBXBuildFile; fileRef = 36E4A8F121103ABC000B3088 /* RefreshExtension.swift */; };
		36E4A8F4211056DD000B3088 /* EditableUserData.swift in Sources */ = {isa = PBXBuildFile; fileRef = 36E4A8F3211056DD000B3088 /* EditableUserData.swift */; };
		36E4A8F621105FB0000B3088 /* UsersActivitiesTableViewCell.swift in Sources */ = {isa = PBXBuildFile; fileRef = 36E4A8F521105FB0000B3088 /* UsersActivitiesTableViewCell.swift */; };
		4C0875856BF36266433BD8F1 /* Pods_GitHubApp.framework in Frameworks */ = {isa = PBXBuildFile; fileRef = 22F866101149E08287726B67 /* Pods_GitHubApp.framework */; };
/* End PBXBuildFile section */

/* Begin PBXFileReference section */
		22F866101149E08287726B67 /* Pods_GitHubApp.framework */ = {isa = PBXFileReference; explicitFileType = wrapper.framework; includeInIndex = 0; path = Pods_GitHubApp.framework; sourceTree = BUILT_PRODUCTS_DIR; };
		3616ADAA210B8DC40031DF02 /* StartViewController.swift */ = {isa = PBXFileReference; lastKnownFileType = sourcecode.swift; path = StartViewController.swift; sourceTree = "<group>"; };
		3616ADAC210BA87B0031DF02 /* TabBarViewController.swift */ = {isa = PBXFileReference; lastKnownFileType = sourcecode.swift; path = TabBarViewController.swift; sourceTree = "<group>"; };
		366D53D9210845A0002A9055 /* GitHubApp.app */ = {isa = PBXFileReference; explicitFileType = wrapper.application; includeInIndex = 0; path = GitHubApp.app; sourceTree = BUILT_PRODUCTS_DIR; };
		366D53DC210845A0002A9055 /* AppDelegate.swift */ = {isa = PBXFileReference; lastKnownFileType = sourcecode.swift; path = AppDelegate.swift; sourceTree = "<group>"; };
		366D53DE210845A0002A9055 /* LoginViewController.swift */ = {isa = PBXFileReference; lastKnownFileType = sourcecode.swift; path = LoginViewController.swift; sourceTree = "<group>"; };
		366D53E1210845A0002A9055 /* Base */ = {isa = PBXFileReference; lastKnownFileType = file.storyboard; name = Base; path = Base.lproj/Main.storyboard; sourceTree = "<group>"; };
		366D53E3210845A1002A9055 /* Assets.xcassets */ = {isa = PBXFileReference; lastKnownFileType = folder.assetcatalog; path = Assets.xcassets; sourceTree = "<group>"; };
		366D53E6210845A1002A9055 /* Base */ = {isa = PBXFileReference; lastKnownFileType = file.storyboard; name = Base; path = Base.lproj/LaunchScreen.storyboard; sourceTree = "<group>"; };
		366D53E8210845A1002A9055 /* Info.plist */ = {isa = PBXFileReference; lastKnownFileType = text.plist.xml; path = Info.plist; sourceTree = "<group>"; };
		366D53F72108A19C002A9055 /* appforgithub.2018-07-25.private-key.pem */ = {isa = PBXFileReference; fileEncoding = 4; lastKnownFileType = text; path = "appforgithub.2018-07-25.private-key.pem"; sourceTree = "<group>"; };
		366D53FA2108A217002A9055 /* GitHubConnectionManager.swift */ = {isa = PBXFileReference; lastKnownFileType = sourcecode.swift; path = GitHubConnectionManager.swift; sourceTree = "<group>"; };
		36A95590557666E92A143C59 /* Pods-GitHubApp.release.xcconfig */ = {isa = PBXFileReference; includeInIndex = 1; lastKnownFileType = text.xcconfig; name = "Pods-GitHubApp.release.xcconfig"; path = "Pods/Target Support Files/Pods-GitHubApp/Pods-GitHubApp.release.xcconfig"; sourceTree = "<group>"; };
		36D7DA8C21099A8600BFD518 /* ProfileTableViewController.swift */ = {isa = PBXFileReference; lastKnownFileType = sourcecode.swift; path = ProfileTableViewController.swift; sourceTree = "<group>"; };
		36D7DA8E2109A81300BFD518 /* UIViewControllerExtension.swift */ = {isa = PBXFileReference; lastKnownFileType = sourcecode.swift; path = UIViewControllerExtension.swift; sourceTree = "<group>"; };
		36D7DA902109A8F900BFD518 /* GitHubApp.entitlements */ = {isa = PBXFileReference; lastKnownFileType = text.plist.entitlements; path = GitHubApp.entitlements; sourceTree = "<group>"; };
		36D7DA942109B4E600BFD518 /* CoreDataModel.xcdatamodel */ = {isa = PBXFileReference; lastKnownFileType = wrapper.xcdatamodel; path = CoreDataModel.xcdatamodel; sourceTree = "<group>"; };
		36D7DA962109C22F00BFD518 /* CoreDataModel.swift */ = {isa = PBXFileReference; lastKnownFileType = sourcecode.swift; path = CoreDataModel.swift; sourceTree = "<group>"; };
		36D7DA992109DEB300BFD518 /* UserInfo.swift */ = {isa = PBXFileReference; lastKnownFileType = sourcecode.swift; path = UserInfo.swift; sourceTree = "<group>"; };
		36D7DA9B2109DED500BFD518 /* OAuth2Token.swift */ = {isa = PBXFileReference; lastKnownFileType = sourcecode.swift; path = OAuth2Token.swift; sourceTree = "<group>"; };
		36D7DAA22109FB0E00BFD518 /* ProfileTableViewCell.swift */ = {isa = PBXFileReference; lastKnownFileType = sourcecode.swift; path = ProfileTableViewCell.swift; sourceTree = "<group>"; };
		36D7DAA52109FD0D00BFD518 /* ProfileSectionType.swift */ = {isa = PBXFileReference; lastKnownFileType = sourcecode.swift; path = ProfileSectionType.swift; sourceTree = "<group>"; };
		36D7DAA7210A026700BFD518 /* UIImageViewExtension.swift */ = {isa = PBXFileReference; lastKnownFileType = sourcecode.swift; path = UIImageViewExtension.swift; sourceTree = "<group>"; };
		36E4A8D2210DD55B000B3088 /* EditProfileSectionType.swift */ = {isa = PBXFileReference; lastKnownFileType = sourcecode.swift; path = EditProfileSectionType.swift; sourceTree = "<group>"; };
		36E4A8D4210DD752000B3088 /* EditProfileTableViewController.swift */ = {isa = PBXFileReference; lastKnownFileType = sourcecode.swift; path = EditProfileTableViewController.swift; sourceTree = "<group>"; };
		36E4A8D8210DDBDF000B3088 /* AvatarTableViewCell.swift */ = {isa = PBXFileReference; lastKnownFileType = sourcecode.swift; path = AvatarTableViewCell.swift; sourceTree = "<group>"; };
		36E4A8DA210DDBEC000B3088 /* EditCredentialTableViewCell.swift */ = {isa = PBXFileReference; lastKnownFileType = sourcecode.swift; path = EditCredentialTableViewCell.swift; sourceTree = "<group>"; };
		36E4A8DC210DDBF7000B3088 /* BioTableViewCell.swift */ = {isa = PBXFileReference; lastKnownFileType = sourcecode.swift; path = BioTableViewCell.swift; sourceTree = "<group>"; };
		36E4A8DE210DDEFD000B3088 /* UITableViewCellExtension.swift */ = {isa = PBXFileReference; lastKnownFileType = sourcecode.swift; path = UITableViewCellExtension.swift; sourceTree = "<group>"; };
		36E4A8E0210DE812000B3088 /* ArrayExtension.swift */ = {isa = PBXFileReference; lastKnownFileType = sourcecode.swift; path = ArrayExtension.swift; sourceTree = "<group>"; };
		36E4A8E2210DEAE2000B3088 /* ProfileTextFieldsPlaysholders.swift */ = {isa = PBXFileReference; lastKnownFileType = sourcecode.swift; path = ProfileTextFieldsPlaysholders.swift; sourceTree = "<group>"; };
		36E4A8E6210EFBB2000B3088 /* TypeError.swift */ = {isa = PBXFileReference; lastKnownFileType = sourcecode.swift; path = TypeError.swift; sourceTree = "<group>"; };
		36E4A8E8210F3B0D000B3088 /* ProfileCredentialTableViewCell.swift */ = {isa = PBXFileReference; lastKnownFileType = sourcecode.swift; path = ProfileCredentialTableViewCell.swift; sourceTree = "<group>"; };
		36E4A8EF21103A61000B3088 /* Protocols.swift */ = {isa = PBXFileReference; lastKnownFileType = sourcecode.swift; path = Protocols.swift; sourceTree = "<group>"; };
		36E4A8F121103ABC000B3088 /* RefreshExtension.swift */ = {isa = PBXFileReference; lastKnownFileType = sourcecode.swift; path = RefreshExtension.swift; sourceTree = "<group>"; };
		36E4A8F3211056DD000B3088 /* EditableUserData.swift */ = {isa = PBXFileReference; lastKnownFileType = sourcecode.swift; path = EditableUserData.swift; sourceTree = "<group>"; };
		36E4A8F521105FB0000B3088 /* UsersActivitiesTableViewCell.swift */ = {isa = PBXFileReference; lastKnownFileType = sourcecode.swift; path = UsersActivitiesTableViewCell.swift; sourceTree = "<group>"; };
		6DF7D841AA8C20FFFA5B0AF7 /* Pods-GitHubApp.debug.xcconfig */ = {isa = PBXFileReference; includeInIndex = 1; lastKnownFileType = text.xcconfig; name = "Pods-GitHubApp.debug.xcconfig"; path = "Pods/Target Support Files/Pods-GitHubApp/Pods-GitHubApp.debug.xcconfig"; sourceTree = "<group>"; };
/* End PBXFileReference section */

/* Begin PBXFrameworksBuildPhase section */
		366D53D6210845A0002A9055 /* Frameworks */ = {
			isa = PBXFrameworksBuildPhase;
			buildActionMask = 2147483647;
			files = (
				4C0875856BF36266433BD8F1 /* Pods_GitHubApp.framework in Frameworks */,
			);
			runOnlyForDeploymentPostprocessing = 0;
		};
/* End PBXFrameworksBuildPhase section */

/* Begin PBXGroup section */
		009E0A305FA0B9AE682D49F0 /* Frameworks */ = {
			isa = PBXGroup;
			children = (
				22F866101149E08287726B67 /* Pods_GitHubApp.framework */,
			);
			name = Frameworks;
			sourceTree = "<group>";
		};
		366D53D0210845A0002A9055 = {
			isa = PBXGroup;
			children = (
				366D53DB210845A0002A9055 /* GitHubApp */,
				366D53DA210845A0002A9055 /* Products */,
				8C70E212E4477237621EFF93 /* Pods */,
				009E0A305FA0B9AE682D49F0 /* Frameworks */,
			);
			sourceTree = "<group>";
		};
		366D53DA210845A0002A9055 /* Products */ = {
			isa = PBXGroup;
			children = (
				366D53D9210845A0002A9055 /* GitHubApp.app */,
			);
			name = Products;
			sourceTree = "<group>";
		};
		366D53DB210845A0002A9055 /* GitHubApp */ = {
			isa = PBXGroup;
			children = (
				36E4A8EE21103A4E000B3088 /* Protocols */,
				36D7DAA42109FCF600BFD518 /* Enums */,
				36D7DA982109DE9B00BFD518 /* Structures */,
				36D7DA902109A8F900BFD518 /* GitHubApp.entitlements */,
				366D54002108AA3D002A9055 /* Extensions */,
				366D53F92108A203002A9055 /* Models */,
				366D53F121084677002A9055 /* ViewControllers */,
				366D53F02108466B002A9055 /* Delegate */,
				366D53EF2108461A002A9055 /* Resources */,
				366D53EE210845AF002A9055 /* Storyboards */,
			);
			path = GitHubApp;
			sourceTree = "<group>";
		};
		366D53EE210845AF002A9055 /* Storyboards */ = {
			isa = PBXGroup;
			children = (
				366D53E0210845A0002A9055 /* Main.storyboard */,
				366D53E5210845A1002A9055 /* LaunchScreen.storyboard */,
			);
			path = Storyboards;
			sourceTree = "<group>";
		};
		366D53EF2108461A002A9055 /* Resources */ = {
			isa = PBXGroup;
			children = (
				366D53F72108A19C002A9055 /* appforgithub.2018-07-25.private-key.pem */,
				366D53E3210845A1002A9055 /* Assets.xcassets */,
				366D53E8210845A1002A9055 /* Info.plist */,
				36D7DA932109B4E600BFD518 /* GitHubApp.xcdatamodeld */,
			);
			path = Resources;
			sourceTree = "<group>";
		};
		366D53F02108466B002A9055 /* Delegate */ = {
			isa = PBXGroup;
			children = (
				366D53DC210845A0002A9055 /* AppDelegate.swift */,
			);
			path = Delegate;
			sourceTree = "<group>";
		};
		366D53F121084677002A9055 /* ViewControllers */ = {
			isa = PBXGroup;
			children = (
				366D53DE210845A0002A9055 /* LoginViewController.swift */,
				3616ADAA210B8DC40031DF02 /* StartViewController.swift */,
				3616ADAC210BA87B0031DF02 /* TabBarViewController.swift */,
				36D7DAA12109FAEB00BFD518 /* TableView */,
			);
			path = ViewControllers;
			sourceTree = "<group>";
		};
		366D53F92108A203002A9055 /* Models */ = {
			isa = PBXGroup;
			children = (
				366D53FA2108A217002A9055 /* GitHubConnectionManager.swift */,
				36D7DA962109C22F00BFD518 /* CoreDataModel.swift */,
			);
			path = Models;
			sourceTree = "<group>";
		};
		366D54002108AA3D002A9055 /* Extensions */ = {
			isa = PBXGroup;
			children = (
				36D7DA8E2109A81300BFD518 /* UIViewControllerExtension.swift */,
				36D7DAA7210A026700BFD518 /* UIImageViewExtension.swift */,
				36E4A8DE210DDEFD000B3088 /* UITableViewCellExtension.swift */,
				36E4A8E0210DE812000B3088 /* ArrayExtension.swift */,
				36E4A8F121103ABC000B3088 /* RefreshExtension.swift */,
			);
			path = Extensions;
			sourceTree = "<group>";
		};
		36D7DA982109DE9B00BFD518 /* Structures */ = {
			isa = PBXGroup;
			children = (
				36D7DA992109DEB300BFD518 /* UserInfo.swift */,
				36D7DA9B2109DED500BFD518 /* OAuth2Token.swift */,
				36E4A8F3211056DD000B3088 /* EditableUserData.swift */,
			);
			path = Structures;
			sourceTree = "<group>";
		};
		36D7DAA12109FAEB00BFD518 /* TableView */ = {
			isa = PBXGroup;
			children = (
				36E4A8D7210DDBB2000B3088 /* ProfileEdit */,
				36E4A8D6210DDBAA000B3088 /* Profile */,
			);
			path = TableView;
			sourceTree = "<group>";
		};
		36D7DAA42109FCF600BFD518 /* Enums */ = {
			isa = PBXGroup;
			children = (
				36D7DAA52109FD0D00BFD518 /* ProfileSectionType.swift */,
				36E4A8D2210DD55B000B3088 /* EditProfileSectionType.swift */,
				36E4A8E2210DEAE2000B3088 /* ProfileTextFieldsPlaysholders.swift */,
				36E4A8E6210EFBB2000B3088 /* TypeError.swift */,
			);
			path = Enums;
			sourceTree = "<group>";
		};
		36E4A8D6210DDBAA000B3088 /* Profile */ = {
			isa = PBXGroup;
			children = (
				36D7DA8C21099A8600BFD518 /* ProfileTableViewController.swift */,
				36D7DAA22109FB0E00BFD518 /* ProfileTableViewCell.swift */,
				36E4A8E8210F3B0D000B3088 /* ProfileCredentialTableViewCell.swift */,
				36E4A8F521105FB0000B3088 /* UsersActivitiesTableViewCell.swift */,
			);
			path = Profile;
			sourceTree = "<group>";
		};
		36E4A8D7210DDBB2000B3088 /* ProfileEdit */ = {
			isa = PBXGroup;
			children = (
				36E4A8D4210DD752000B3088 /* EditProfileTableViewController.swift */,
				36E4A8D8210DDBDF000B3088 /* AvatarTableViewCell.swift */,
				36E4A8DA210DDBEC000B3088 /* EditCredentialTableViewCell.swift */,
				36E4A8DC210DDBF7000B3088 /* BioTableViewCell.swift */,
			);
			path = ProfileEdit;
			sourceTree = "<group>";
		};
		36E4A8EE21103A4E000B3088 /* Protocols */ = {
			isa = PBXGroup;
			children = (
				36E4A8EF21103A61000B3088 /* Protocols.swift */,
			);
			path = Protocols;
			sourceTree = "<group>";
		};
		8C70E212E4477237621EFF93 /* Pods */ = {
			isa = PBXGroup;
			children = (
				6DF7D841AA8C20FFFA5B0AF7 /* Pods-GitHubApp.debug.xcconfig */,
				36A95590557666E92A143C59 /* Pods-GitHubApp.release.xcconfig */,
			);
			name = Pods;
			sourceTree = "<group>";
		};
/* End PBXGroup section */

/* Begin PBXNativeTarget section */
		366D53D8210845A0002A9055 /* GitHubApp */ = {
			isa = PBXNativeTarget;
			buildConfigurationList = 366D53EB210845A1002A9055 /* Build configuration list for PBXNativeTarget "GitHubApp" */;
			buildPhases = (
				8CB2A417BF7FD3664A4F279D /* [CP] Check Pods Manifest.lock */,
				366D53D5210845A0002A9055 /* Sources */,
				366D53D6210845A0002A9055 /* Frameworks */,
				366D53D7210845A0002A9055 /* Resources */,
				44D89DCFEA255FD9CCF766A4 /* [CP] Embed Pods Frameworks */,
			);
			buildRules = (
			);
			dependencies = (
			);
			name = GitHubApp;
			productName = GitHubApp;
			productReference = 366D53D9210845A0002A9055 /* GitHubApp.app */;
			productType = "com.apple.product-type.application";
		};
/* End PBXNativeTarget section */

/* Begin PBXProject section */
		366D53D1210845A0002A9055 /* Project object */ = {
			isa = PBXProject;
			attributes = {
				LastSwiftUpdateCheck = 0940;
				LastUpgradeCheck = 0940;
				ORGANIZATIONNAME = "Vladislav Filipov";
				TargetAttributes = {
					366D53D8210845A0002A9055 = {
						CreatedOnToolsVersion = 9.4.1;
						SystemCapabilities = {
							com.apple.Keychain = {
								enabled = 1;
							};
						};
					};
				};
			};
			buildConfigurationList = 366D53D4210845A0002A9055 /* Build configuration list for PBXProject "GitHubApp" */;
			compatibilityVersion = "Xcode 9.3";
			developmentRegion = en;
			hasScannedForEncodings = 0;
			knownRegions = (
				en,
				Base,
			);
			mainGroup = 366D53D0210845A0002A9055;
			productRefGroup = 366D53DA210845A0002A9055 /* Products */;
			projectDirPath = "";
			projectRoot = "";
			targets = (
				366D53D8210845A0002A9055 /* GitHubApp */,
			);
		};
/* End PBXProject section */

/* Begin PBXResourcesBuildPhase section */
		366D53D7210845A0002A9055 /* Resources */ = {
			isa = PBXResourcesBuildPhase;
			buildActionMask = 2147483647;
			files = (
				366D53E7210845A1002A9055 /* LaunchScreen.storyboard in Resources */,
				366D53E4210845A1002A9055 /* Assets.xcassets in Resources */,
				366D53F82108A19C002A9055 /* appforgithub.2018-07-25.private-key.pem in Resources */,
				366D53E2210845A0002A9055 /* Main.storyboard in Resources */,
			);
			runOnlyForDeploymentPostprocessing = 0;
		};
/* End PBXResourcesBuildPhase section */

/* Begin PBXShellScriptBuildPhase section */
		44D89DCFEA255FD9CCF766A4 /* [CP] Embed Pods Frameworks */ = {
			isa = PBXShellScriptBuildPhase;
			buildActionMask = 2147483647;
			files = (
			);
			inputPaths = (
				"${SRCROOT}/Pods/Target Support Files/Pods-GitHubApp/Pods-GitHubApp-frameworks.sh",
				"${BUILT_PRODUCTS_DIR}/Alamofire/Alamofire.framework",
				"${BUILT_PRODUCTS_DIR}/AlamofireImage/AlamofireImage.framework",
			);
			name = "[CP] Embed Pods Frameworks";
			outputPaths = (
				"${TARGET_BUILD_DIR}/${FRAMEWORKS_FOLDER_PATH}/Alamofire.framework",
				"${TARGET_BUILD_DIR}/${FRAMEWORKS_FOLDER_PATH}/AlamofireImage.framework",
			);
			runOnlyForDeploymentPostprocessing = 0;
			shellPath = /bin/sh;
			shellScript = "\"${SRCROOT}/Pods/Target Support Files/Pods-GitHubApp/Pods-GitHubApp-frameworks.sh\"\n";
			showEnvVarsInLog = 0;
		};
		8CB2A417BF7FD3664A4F279D /* [CP] Check Pods Manifest.lock */ = {
			isa = PBXShellScriptBuildPhase;
			buildActionMask = 2147483647;
			files = (
			);
			inputPaths = (
				"${PODS_PODFILE_DIR_PATH}/Podfile.lock",
				"${PODS_ROOT}/Manifest.lock",
			);
			name = "[CP] Check Pods Manifest.lock";
			outputPaths = (
				"$(DERIVED_FILE_DIR)/Pods-GitHubApp-checkManifestLockResult.txt",
			);
			runOnlyForDeploymentPostprocessing = 0;
			shellPath = /bin/sh;
			shellScript = "diff \"${PODS_PODFILE_DIR_PATH}/Podfile.lock\" \"${PODS_ROOT}/Manifest.lock\" > /dev/null\nif [ $? != 0 ] ; then\n    # print error to STDERR\n    echo \"error: The sandbox is not in sync with the Podfile.lock. Run 'pod install' or update your CocoaPods installation.\" >&2\n    exit 1\nfi\n# This output is used by Xcode 'outputs' to avoid re-running this script phase.\necho \"SUCCESS\" > \"${SCRIPT_OUTPUT_FILE_0}\"\n";
			showEnvVarsInLog = 0;
		};
/* End PBXShellScriptBuildPhase section */

/* Begin PBXSourcesBuildPhase section */
		366D53D5210845A0002A9055 /* Sources */ = {
			isa = PBXSourcesBuildPhase;
			buildActionMask = 2147483647;
			files = (
				36E4A8E3210DEAE2000B3088 /* ProfileTextFieldsPlaysholders.swift in Sources */,
				36E4A8D9210DDBDF000B3088 /* AvatarTableViewCell.swift in Sources */,
				36D7DA8D21099A8600BFD518 /* ProfileTableViewController.swift in Sources */,
				36E4A8DD210DDBF7000B3088 /* BioTableViewCell.swift in Sources */,
				3616ADAB210B8DC40031DF02 /* StartViewController.swift in Sources */,
				36E4A8F021103A61000B3088 /* Protocols.swift in Sources */,
				36D7DA972109C22F00BFD518 /* CoreDataModel.swift in Sources */,
				36D7DAA32109FB0E00BFD518 /* ProfileTableViewCell.swift in Sources */,
				36E4A8D3210DD55B000B3088 /* EditProfileSectionType.swift in Sources */,
				366D53DF210845A0002A9055 /* LoginViewController.swift in Sources */,
				36D7DA952109B4E600BFD518 /* GitHubApp.xcdatamodeld in Sources */,
				36E4A8F621105FB0000B3088 /* UsersActivitiesTableViewCell.swift in Sources */,
				366D53FB2108A217002A9055 /* GitHubConnectionManager.swift in Sources */,
				36D7DAA62109FD0D00BFD518 /* ProfileSectionType.swift in Sources */,
				36D7DA8F2109A81300BFD518 /* UIViewControllerExtension.swift in Sources */,
				36E4A8E7210EFBB2000B3088 /* TypeError.swift in Sources */,
				36E4A8F4211056DD000B3088 /* EditableUserData.swift in Sources */,
				36D7DA9A2109DEB300BFD518 /* UserInfo.swift in Sources */,
				36E4A8D5210DD752000B3088 /* EditProfileTableViewController.swift in Sources */,
				36D7DA9C2109DED500BFD518 /* OAuth2Token.swift in Sources */,
				36D7DAA8210A026700BFD518 /* UIImageViewExtension.swift in Sources */,
				36E4A8DB210DDBEC000B3088 /* EditCredentialTableViewCell.swift in Sources */,
				36E4A8DF210DDEFD000B3088 /* UITableViewCellExtension.swift in Sources */,
				36E4A8F221103ABC000B3088 /* RefreshExtension.swift in Sources */,
				3616ADAD210BA87B0031DF02 /* TabBarViewController.swift in Sources */,
				366D53DD210845A0002A9055 /* AppDelegate.swift in Sources */,
				36E4A8E9210F3B0D000B3088 /* ProfileCredentialTableViewCell.swift in Sources */,
				36E4A8E1210DE812000B3088 /* ArrayExtension.swift in Sources */,
			);
			runOnlyForDeploymentPostprocessing = 0;
		};
/* End PBXSourcesBuildPhase section */

/* Begin PBXVariantGroup section */
		366D53E0210845A0002A9055 /* Main.storyboard */ = {
			isa = PBXVariantGroup;
			children = (
				366D53E1210845A0002A9055 /* Base */,
			);
			name = Main.storyboard;
			sourceTree = "<group>";
		};
		366D53E5210845A1002A9055 /* LaunchScreen.storyboard */ = {
			isa = PBXVariantGroup;
			children = (
				366D53E6210845A1002A9055 /* Base */,
			);
			name = LaunchScreen.storyboard;
			sourceTree = "<group>";
		};
/* End PBXVariantGroup section */

/* Begin XCBuildConfiguration section */
		366D53E9210845A1002A9055 /* Debug */ = {
			isa = XCBuildConfiguration;
			buildSettings = {
				ALWAYS_SEARCH_USER_PATHS = NO;
				CLANG_ANALYZER_NONNULL = YES;
				CLANG_ANALYZER_NUMBER_OBJECT_CONVERSION = YES_AGGRESSIVE;
				CLANG_CXX_LANGUAGE_STANDARD = "gnu++14";
				CLANG_CXX_LIBRARY = "libc++";
				CLANG_ENABLE_MODULES = YES;
				CLANG_ENABLE_OBJC_ARC = YES;
				CLANG_ENABLE_OBJC_WEAK = YES;
				CLANG_WARN_BLOCK_CAPTURE_AUTORELEASING = YES;
				CLANG_WARN_BOOL_CONVERSION = YES;
				CLANG_WARN_COMMA = YES;
				CLANG_WARN_CONSTANT_CONVERSION = YES;
				CLANG_WARN_DEPRECATED_OBJC_IMPLEMENTATIONS = YES;
				CLANG_WARN_DIRECT_OBJC_ISA_USAGE = YES_ERROR;
				CLANG_WARN_DOCUMENTATION_COMMENTS = YES;
				CLANG_WARN_EMPTY_BODY = YES;
				CLANG_WARN_ENUM_CONVERSION = YES;
				CLANG_WARN_INFINITE_RECURSION = YES;
				CLANG_WARN_INT_CONVERSION = YES;
				CLANG_WARN_NON_LITERAL_NULL_CONVERSION = YES;
				CLANG_WARN_OBJC_IMPLICIT_RETAIN_SELF = YES;
				CLANG_WARN_OBJC_LITERAL_CONVERSION = YES;
				CLANG_WARN_OBJC_ROOT_CLASS = YES_ERROR;
				CLANG_WARN_RANGE_LOOP_ANALYSIS = YES;
				CLANG_WARN_STRICT_PROTOTYPES = YES;
				CLANG_WARN_SUSPICIOUS_MOVE = YES;
				CLANG_WARN_UNGUARDED_AVAILABILITY = YES_AGGRESSIVE;
				CLANG_WARN_UNREACHABLE_CODE = YES;
				CLANG_WARN__DUPLICATE_METHOD_MATCH = YES;
				CODE_SIGN_IDENTITY = "iPhone Developer";
				COPY_PHASE_STRIP = NO;
				DEBUG_INFORMATION_FORMAT = dwarf;
				ENABLE_STRICT_OBJC_MSGSEND = YES;
				ENABLE_TESTABILITY = YES;
				GCC_C_LANGUAGE_STANDARD = gnu11;
				GCC_DYNAMIC_NO_PIC = NO;
				GCC_NO_COMMON_BLOCKS = YES;
				GCC_OPTIMIZATION_LEVEL = 0;
				GCC_PREPROCESSOR_DEFINITIONS = (
					"DEBUG=1",
					"$(inherited)",
				);
				GCC_WARN_64_TO_32_BIT_CONVERSION = YES;
				GCC_WARN_ABOUT_RETURN_TYPE = YES_ERROR;
				GCC_WARN_UNDECLARED_SELECTOR = YES;
				GCC_WARN_UNINITIALIZED_AUTOS = YES_AGGRESSIVE;
				GCC_WARN_UNUSED_FUNCTION = YES;
				GCC_WARN_UNUSED_VARIABLE = YES;
				IPHONEOS_DEPLOYMENT_TARGET = 11.4;
				MTL_ENABLE_DEBUG_INFO = YES;
				ONLY_ACTIVE_ARCH = YES;
				SDKROOT = iphoneos;
				SWIFT_ACTIVE_COMPILATION_CONDITIONS = DEBUG;
				SWIFT_OPTIMIZATION_LEVEL = "-Onone";
			};
			name = Debug;
		};
		366D53EA210845A1002A9055 /* Release */ = {
			isa = XCBuildConfiguration;
			buildSettings = {
				ALWAYS_SEARCH_USER_PATHS = NO;
				CLANG_ANALYZER_NONNULL = YES;
				CLANG_ANALYZER_NUMBER_OBJECT_CONVERSION = YES_AGGRESSIVE;
				CLANG_CXX_LANGUAGE_STANDARD = "gnu++14";
				CLANG_CXX_LIBRARY = "libc++";
				CLANG_ENABLE_MODULES = YES;
				CLANG_ENABLE_OBJC_ARC = YES;
				CLANG_ENABLE_OBJC_WEAK = YES;
				CLANG_WARN_BLOCK_CAPTURE_AUTORELEASING = YES;
				CLANG_WARN_BOOL_CONVERSION = YES;
				CLANG_WARN_COMMA = YES;
				CLANG_WARN_CONSTANT_CONVERSION = YES;
				CLANG_WARN_DEPRECATED_OBJC_IMPLEMENTATIONS = YES;
				CLANG_WARN_DIRECT_OBJC_ISA_USAGE = YES_ERROR;
				CLANG_WARN_DOCUMENTATION_COMMENTS = YES;
				CLANG_WARN_EMPTY_BODY = YES;
				CLANG_WARN_ENUM_CONVERSION = YES;
				CLANG_WARN_INFINITE_RECURSION = YES;
				CLANG_WARN_INT_CONVERSION = YES;
				CLANG_WARN_NON_LITERAL_NULL_CONVERSION = YES;
				CLANG_WARN_OBJC_IMPLICIT_RETAIN_SELF = YES;
				CLANG_WARN_OBJC_LITERAL_CONVERSION = YES;
				CLANG_WARN_OBJC_ROOT_CLASS = YES_ERROR;
				CLANG_WARN_RANGE_LOOP_ANALYSIS = YES;
				CLANG_WARN_STRICT_PROTOTYPES = YES;
				CLANG_WARN_SUSPICIOUS_MOVE = YES;
				CLANG_WARN_UNGUARDED_AVAILABILITY = YES_AGGRESSIVE;
				CLANG_WARN_UNREACHABLE_CODE = YES;
				CLANG_WARN__DUPLICATE_METHOD_MATCH = YES;
				CODE_SIGN_IDENTITY = "iPhone Developer";
				COPY_PHASE_STRIP = NO;
				DEBUG_INFORMATION_FORMAT = "dwarf-with-dsym";
				ENABLE_NS_ASSERTIONS = NO;
				ENABLE_STRICT_OBJC_MSGSEND = YES;
				GCC_C_LANGUAGE_STANDARD = gnu11;
				GCC_NO_COMMON_BLOCKS = YES;
				GCC_WARN_64_TO_32_BIT_CONVERSION = YES;
				GCC_WARN_ABOUT_RETURN_TYPE = YES_ERROR;
				GCC_WARN_UNDECLARED_SELECTOR = YES;
				GCC_WARN_UNINITIALIZED_AUTOS = YES_AGGRESSIVE;
				GCC_WARN_UNUSED_FUNCTION = YES;
				GCC_WARN_UNUSED_VARIABLE = YES;
				IPHONEOS_DEPLOYMENT_TARGET = 11.4;
				MTL_ENABLE_DEBUG_INFO = NO;
				SDKROOT = iphoneos;
				SWIFT_COMPILATION_MODE = wholemodule;
				SWIFT_OPTIMIZATION_LEVEL = "-O";
				VALIDATE_PRODUCT = YES;
			};
			name = Release;
		};
		366D53EC210845A1002A9055 /* Debug */ = {
			isa = XCBuildConfiguration;
			baseConfigurationReference = 6DF7D841AA8C20FFFA5B0AF7 /* Pods-GitHubApp.debug.xcconfig */;
			buildSettings = {
				ASSETCATALOG_COMPILER_APPICON_NAME = AppIcon;
				CODE_SIGN_ENTITLEMENTS = GitHubApp/GitHubApp.entitlements;
				CODE_SIGN_STYLE = Automatic;
				DEVELOPMENT_TEAM = 37NJJ2DEFG;
				INFOPLIST_FILE = GitHubApp/Resources/Info.plist;
				LD_RUNPATH_SEARCH_PATHS = (
					"$(inherited)",
					"@executable_path/Frameworks",
				);
				PRODUCT_BUNDLE_IDENTIFIER = com.filipowladislav.GitHubApp;
				PRODUCT_NAME = "$(TARGET_NAME)";
				SWIFT_VERSION = 4.0;
				TARGETED_DEVICE_FAMILY = 1;
			};
			name = Debug;
		};
		366D53ED210845A1002A9055 /* Release */ = {
			isa = XCBuildConfiguration;
			baseConfigurationReference = 36A95590557666E92A143C59 /* Pods-GitHubApp.release.xcconfig */;
			buildSettings = {
				ASSETCATALOG_COMPILER_APPICON_NAME = AppIcon;
				CODE_SIGN_ENTITLEMENTS = GitHubApp/GitHubApp.entitlements;
				CODE_SIGN_STYLE = Automatic;
				DEVELOPMENT_TEAM = 37NJJ2DEFG;
				INFOPLIST_FILE = GitHubApp/Resources/Info.plist;
				LD_RUNPATH_SEARCH_PATHS = (
					"$(inherited)",
					"@executable_path/Frameworks",
				);
				PRODUCT_BUNDLE_IDENTIFIER = com.filipowladislav.GitHubApp;
				PRODUCT_NAME = "$(TARGET_NAME)";
				SWIFT_VERSION = 4.0;
				TARGETED_DEVICE_FAMILY = 1;
			};
			name = Release;
		};
/* End XCBuildConfiguration section */

/* Begin XCConfigurationList section */
		366D53D4210845A0002A9055 /* Build configuration list for PBXProject "GitHubApp" */ = {
			isa = XCConfigurationList;
			buildConfigurations = (
				366D53E9210845A1002A9055 /* Debug */,
				366D53EA210845A1002A9055 /* Release */,
			);
			defaultConfigurationIsVisible = 0;
			defaultConfigurationName = Release;
		};
		366D53EB210845A1002A9055 /* Build configuration list for PBXNativeTarget "GitHubApp" */ = {
			isa = XCConfigurationList;
			buildConfigurations = (
				366D53EC210845A1002A9055 /* Debug */,
				366D53ED210845A1002A9055 /* Release */,
			);
			defaultConfigurationIsVisible = 0;
			defaultConfigurationName = Release;
		};
/* End XCConfigurationList section */

/* Begin XCVersionGroup section */
		36D7DA932109B4E600BFD518 /* GitHubApp.xcdatamodeld */ = {
			isa = XCVersionGroup;
			children = (
				36D7DA942109B4E600BFD518 /* CoreDataModel.xcdatamodel */,
			);
			currentVersion = 36D7DA942109B4E600BFD518 /* CoreDataModel.xcdatamodel */;
			path = GitHubApp.xcdatamodeld;
			sourceTree = "<group>";
			versionGroupType = wrapper.xcdatamodel;
		};
/* End XCVersionGroup section */
	};
	rootObject = 366D53D1210845A0002A9055 /* Project object */;
}
